// !$*UTF8*$!
{
	archiveVersion = 1;
	classes = {
	};
	objectVersion = 46;
	objects = {

/* Begin PBXBuildFile section */
		49B336151BC321A9007A3ED2 /* line.png in Resources */ = {isa = PBXBuildFile; fileRef = 49B336141BC321A9007A3ED2 /* line.png */; settings = {ASSET_TAGS = (); }; };
		49E43EBF1BC2BD42003F3446 /* AppDelegate.swift in Sources */ = {isa = PBXBuildFile; fileRef = 49E43EBE1BC2BD42003F3446 /* AppDelegate.swift */; };
		49E43EC11BC2BD42003F3446 /* FirstViewController.swift in Sources */ = {isa = PBXBuildFile; fileRef = 49E43EC01BC2BD42003F3446 /* FirstViewController.swift */; };
		49E43EC31BC2BD42003F3446 /* SecondViewController.swift in Sources */ = {isa = PBXBuildFile; fileRef = 49E43EC21BC2BD42003F3446 /* SecondViewController.swift */; };
		49E43EC61BC2BD43003F3446 /* Main.storyboard in Resources */ = {isa = PBXBuildFile; fileRef = 49E43EC41BC2BD43003F3446 /* Main.storyboard */; };
		49E43EC81BC2BD43003F3446 /* Assets.xcassets in Resources */ = {isa = PBXBuildFile; fileRef = 49E43EC71BC2BD43003F3446 /* Assets.xcassets */; };
		49E43ECB1BC2BD43003F3446 /* LaunchScreen.storyboard in Resources */ = {isa = PBXBuildFile; fileRef = 49E43EC91BC2BD43003F3446 /* LaunchScreen.storyboard */; };
/* End PBXBuildFile section */

/* Begin PBXFileReference section */
		49B336141BC321A9007A3ED2 /* line.png */ = {isa = PBXFileReference; lastKnownFileType = image.png; path = line.png; sourceTree = "<group>"; };
		49E43EBB1BC2BD42003F3446 /* NearMe.app */ = {isa = PBXFileReference; explicitFileType = wrapper.application; includeInIndex = 0; path = NearMe.app; sourceTree = BUILT_PRODUCTS_DIR; };
		49E43EBE1BC2BD42003F3446 /* AppDelegate.swift */ = {isa = PBXFileReference; lastKnownFileType = sourcecode.swift; path = AppDelegate.swift; sourceTree = "<group>"; };
		49E43EC01BC2BD42003F3446 /* FirstViewController.swift */ = {isa = PBXFileReference; lastKnownFileType = sourcecode.swift; path = FirstViewController.swift; sourceTree = "<group>"; };
		49E43EC21BC2BD42003F3446 /* SecondViewController.swift */ = {isa = PBXFileReference; lastKnownFileType = sourcecode.swift; path = SecondViewController.swift; sourceTree = "<group>"; };
		49E43EC51BC2BD43003F3446 /* Base */ = {isa = PBXFileReference; lastKnownFileType = file.storyboard; name = Base; path = Base.lproj/Main.storyboard; sourceTree = "<group>"; };
		49E43EC71BC2BD43003F3446 /* Assets.xcassets */ = {isa = PBXFileReference; lastKnownFileType = folder.assetcatalog; path = Assets.xcassets; sourceTree = "<group>"; };
		49E43ECA1BC2BD43003F3446 /* Base */ = {isa = PBXFileReference; lastKnownFileType = file.storyboard; name = Base; path = Base.lproj/LaunchScreen.storyboard; sourceTree = "<group>"; };
		49E43ECC1BC2BD43003F3446 /* Info.plist */ = {isa = PBXFileReference; lastKnownFileType = text.plist.xml; path = Info.plist; sourceTree = "<group>"; };
/* End PBXFileReference section */

/* Begin PBXFrameworksBuildPhase section */
		49E43EB81BC2BD42003F3446 /* Frameworks */ = {
			isa = PBXFrameworksBuildPhase;
			buildActionMask = 2147483647;
			files = (
			);
			runOnlyForDeploymentPostprocessing = 0;
		};
/* End PBXFrameworksBuildPhase section */

/* Begin PBXGroup section */
		49E43EB21BC2BD42003F3446 = {
			isa = PBXGroup;
			children = (
				49E43EBD1BC2BD42003F3446 /* NearMe */,
				49E43EBC1BC2BD42003F3446 /* Products */,
			);
			sourceTree = "<group>";
		};
		49E43EBC1BC2BD42003F3446 /* Products */ = {
			isa = PBXGroup;
			children = (
				49E43EBB1BC2BD42003F3446 /* NearMe.app */,
			);
			name = Products;
			sourceTree = "<group>";
		};
		49E43EBD1BC2BD42003F3446 /* NearMe */ = {
			isa = PBXGroup;
			children = (
				49E43EBE1BC2BD42003F3446 /* AppDelegate.swift */,
				49E43EC01BC2BD42003F3446 /* FirstViewController.swift */,
				49E43EC21BC2BD42003F3446 /* SecondViewController.swift */,
				49E43EC41BC2BD43003F3446 /* Main.storyboard */,
				49E43EC71BC2BD43003F3446 /* Assets.xcassets */,
				49B336141BC321A9007A3ED2 /* line.png */,
				49E43EC91BC2BD43003F3446 /* LaunchScreen.storyboard */,
				49E43ECC1BC2BD43003F3446 /* Info.plist */,
			);
			path = NearMe;
			sourceTree = "<group>";
		};
/* End PBXGroup section */

/* Begin PBXNativeTarget section */
		49E43EBA1BC2BD42003F3446 /* NearMe */ = {
			isa = PBXNativeTarget;
			buildConfigurationList = 49E43ECF1BC2BD43003F3446 /* Build configuration list for PBXNativeTarget "NearMe" */;
			buildPhases = (
				49E43EB71BC2BD42003F3446 /* Sources */,
				49E43EB81BC2BD42003F3446 /* Frameworks */,
				49E43EB91BC2BD42003F3446 /* Resources */,
			);
			buildRules = (
			);
			dependencies = (
			);
			name = NearMe;
			productName = NearMe;
			productReference = 49E43EBB1BC2BD42003F3446 /* NearMe.app */;
			productType = "com.apple.product-type.application";
		};
/* End PBXNativeTarget section */

/* Begin PBXProject section */
		49E43EB31BC2BD42003F3446 /* Project object */ = {
			isa = PBXProject;
			attributes = {
				LastUpgradeCheck = 0700;
				ORGANIZATIONNAME = "Alex Oh";
				TargetAttributes = {
					49E43EBA1BC2BD42003F3446 = {
						CreatedOnToolsVersion = 7.0;
					};
				};
			};
			buildConfigurationList = 49E43EB61BC2BD42003F3446 /* Build configuration list for PBXProject "NearMe" */;
			compatibilityVersion = "Xcode 3.2";
			developmentRegion = English;
			hasScannedForEncodings = 0;
			knownRegions = (
				en,
				Base,
			);
			mainGroup = 49E43EB21BC2BD42003F3446;
			productRefGroup = 49E43EBC1BC2BD42003F3446 /* Products */;
			projectDirPath = "";
			projectRoot = "";
			targets = (
				49E43EBA1BC2BD42003F3446 /* NearMe */,
			);
		};
/* End PBXProject section */

/* Begin PBXResourcesBuildPhase section */
		49E43EB91BC2BD42003F3446 /* Resources */ = {
			isa = PBXResourcesBuildPhase;
			buildActionMask = 2147483647;
			files = (
				49E43ECB1BC2BD43003F3446 /* LaunchScreen.storyboard in Resources */,
				49E43EC81BC2BD43003F3446 /* Assets.xcassets in Resources */,
				49E43EC61BC2BD43003F3446 /* Main.storyboard in Resources */,
				49B336151BC321A9007A3ED2 /* line.png in Resources */,
			);
			runOnlyForDeploymentPostprocessing = 0;
		};
/* End PBXResourcesBuildPhase section */

/* Begin PBXSourcesBuildPhase section */
		49E43EB71BC2BD42003F3446 /* Sources */ = {
			isa = PBXSourcesBuildPhase;
			buildActionMask = 2147483647;
			files = (
				49E43EC31BC2BD42003F3446 /* SecondViewController.swift in Sources */,
				49E43EBF1BC2BD42003F3446 /* AppDelegate.swift in Sources */,
				49E43EC11BC2BD42003F3446 /* FirstViewController.swift in Sources */,
			);
			runOnlyForDeploymentPostprocessing = 0;
		};
/* End PBXSourcesBuildPhase section */

/* Begin PBXVariantGroup section */
		49E43EC41BC2BD43003F3446 /* Main.storyboard */ = {
			isa = PBXVariantGroup;
			children = (
				49E43EC51BC2BD43003F3446 /* Base */,
			);
			name = Main.storyboard;
			sourceTree = "<group>";
		};
		49E43EC91BC2BD43003F3446 /* LaunchScreen.storyboard */ = {
			isa = PBXVariantGroup;
			children = (
				49E43ECA1BC2BD43003F3446 /* Base */,
			);
			name = LaunchScreen.storyboard;
			sourceTree = "<group>";
		};
/* End PBXVariantGroup section */

/* Begin XCBuildConfiguration section */
		49E43ECD1BC2BD43003F3446 /* Debug */ = {
			isa = XCBuildConfiguration;
			buildSettings = {
				ALWAYS_SEARCH_USER_PATHS = NO;
				CLANG_CXX_LANGUAGE_STANDARD = "gnu++0x";
				CLANG_CXX_LIBRARY = "libc++";
				CLANG_ENABLE_MODULES = YES;
				CLANG_ENABLE_OBJC_ARC = YES;
				CLANG_WARN_BOOL_CONVERSION = YES;
				CLANG_WARN_CONSTANT_CONVERSION = YES;
				CLANG_WARN_DIRECT_OBJC_ISA_USAGE = YES_ERROR;
				CLANG_WARN_EMPTY_BODY = YES;
				CLANG_WARN_ENUM_CONVERSION = YES;
				CLANG_WARN_INT_CONVERSION = YES;
				CLANG_WARN_OBJC_ROOT_CLASS = YES_ERROR;
				CLANG_WARN_UNREACHABLE_CODE = YES;
				CLANG_WARN__DUPLICATE_METHOD_MATCH = YES;
				"CODE_SIGN_IDENTITY[sdk=iphoneos*]" = "iPhone Developer";
				COPY_PHASE_STRIP = NO;
				DEBUG_INFORMATION_FORMAT = dwarf;
				ENABLE_STRICT_OBJC_MSGSEND = YES;
				ENABLE_TESTABILITY = YES;
				GCC_C_LANGUAGE_STANDARD = gnu99;
				GCC_DYNAMIC_NO_PIC = NO;
				GCC_NO_COMMON_BLOCKS = YES;
				GCC_OPTIMIZATION_LEVEL = 0;
				GCC_PREPROCESSOR_DEFINITIONS = (
					"DEBUG=1",
					"$(inherited)",
				);
				GCC_WARN_64_TO_32_BIT_CONVERSION = YES;
				GCC_WARN_ABOUT_RETURN_TYPE = YES_ERROR;
				GCC_WARN_UNDECLARED_SELECTOR = YES;
				GCC_WARN_UNINITIALIZED_AUTOS = YES_AGGRESSIVE;
				GCC_WARN_UNUSED_FUNCTION = YES;
				GCC_WARN_UNUSED_VARIABLE = YES;
				IPHONEOS_DEPLOYMENT_TARGET = 9.0;
				MTL_ENABLE_DEBUG_INFO = YES;
				ONLY_ACTIVE_ARCH = YES;
				SDKROOT = iphoneos;
				SWIFT_OPTIMIZATION_LEVEL = "-Onone";
			};
			name = Debug;
		};
		49E43ECE1BC2BD43003F3446 /* Release */ = {
			isa = XCBuildConfiguration;
			buildSettings = {
				ALWAYS_SEARCH_USER_PATHS = NO;
				CLANG_CXX_LANGUAGE_STANDARD = "gnu++0x";
				CLANG_CXX_LIBRARY = "libc++";
				CLANG_ENABLE_MODULES = YES;
				CLANG_ENABLE_OBJC_ARC = YES;
				CLANG_WARN_BOOL_CONVERSION = YES;
				CLANG_WARN_CONSTANT_CONVERSION = YES;
				CLANG_WARN_DIRECT_OBJC_ISA_USAGE = YES_ERROR;
				CLANG_WARN_EMPTY_BODY = YES;
				CLANG_WARN_ENUM_CONVERSION = YES;
				CLANG_WARN_INT_CONVERSION = YES;
				CLANG_WARN_OBJC_ROOT_CLASS = YES_ERROR;
				CLANG_WARN_UNREACHABLE_CODE = YES;
				CLANG_WARN__DUPLICATE_METHOD_MATCH = YES;
				"CODE_SIGN_IDENTITY[sdk=iphoneos*]" = "iPhone Developer";
				COPY_PHASE_STRIP = NO;
				DEBUG_INFORMATION_FORMAT = "dwarf-with-dsym";
				ENABLE_NS_ASSERTIONS = NO;
				ENABLE_STRICT_OBJC_MSGSEND = YES;
				GCC_C_LANGUAGE_STANDARD = gnu99;
				GCC_NO_COMMON_BLOCKS = YES;
				GCC_WARN_64_TO_32_BIT_CONVERSION = YES;
				GCC_WARN_ABOUT_RETURN_TYPE = YES_ERROR;
				GCC_WARN_UNDECLARED_SELECTOR = YES;
				GCC_WARN_UNINITIALIZED_AUTOS = YES_AGGRESSIVE;
				GCC_WARN_UNUSED_FUNCTION = YES;
				GCC_WARN_UNUSED_VARIABLE = YES;
				IPHONEOS_DEPLOYMENT_TARGET = 9.0;
				MTL_ENABLE_DEBUG_INFO = NO;
				SDKROOT = iphoneos;
				VALIDATE_PRODUCT = YES;
			};
			name = Release;
		};
		49E43ED01BC2BD43003F3446 /* Debug */ = {
			isa = XCBuildConfiguration;
			buildSettings = {
				ASSETCATALOG_COMPILER_APPICON_NAME = AppIcon;
				INFOPLIST_FILE = NearMe/Info.plist;
				LD_RUNPATH_SEARCH_PATHS = "$(inherited) @executable_path/Frameworks";
				PRODUCT_BUNDLE_IDENTIFIER = com.ao.NearMe;
				PRODUCT_NAME = "$(TARGET_NAME)";
			};
			name = Debug;
		};
		49E43ED11BC2BD43003F3446 /* Release */ = {
			isa = XCBuildConfiguration;
			buildSettings = {
				ASSETCATALOG_COMPILER_APPICON_NAME = AppIcon;
				INFOPLIST_FILE = NearMe/Info.plist;
				LD_RUNPATH_SEARCH_PATHS = "$(inherited) @executable_path/Frameworks";
				PRODUCT_BUNDLE_IDENTIFIER = com.ao.NearMe;
				PRODUCT_NAME = "$(TARGET_NAME)";
			};
			name = Release;
		};
/* End XCBuildConfiguration section */

/* Begin XCConfigurationList section */
		49E43EB61BC2BD42003F3446 /* Build configuration list for PBXProject "NearMe" */ = {
			isa = XCConfigurationList;
			buildConfigurations = (
				49E43ECD1BC2BD43003F3446 /* Debug */,
				49E43ECE1BC2BD43003F3446 /* Release */,
			);
			defaultConfigurationIsVisible = 0;
			defaultConfigurationName = Release;
		};
		49E43ECF1BC2BD43003F3446 /* Build configuration list for PBXNativeTarget "NearMe" */ = {
			isa = XCConfigurationList;
			buildConfigurations = (
				49E43ED01BC2BD43003F3446 /* Debug */,
				49E43ED11BC2BD43003F3446 /* Release */,
			);
			defaultConfigurationIsVisible = 0;
			defaultConfigurationName = Release;
		};
/* End XCConfigurationList section */
	};
	rootObject = 49E43EB31BC2BD42003F3446 /* Project object */;
}
